
Microsoft Visual Studio Solution File, Format Version 12.00
# Visual Studio Version 17
VisualStudioVersion = 17.8.34511.84
MinimumVisualStudioVersion = 10.0.40219.1
Project("{FAE04EC0-301F-11D3-BF4B-00C04F79EFBC}") = "COMP003A.Assignment1", "COMP003A.Assignment1\COMP003A.Assignment1.csproj", "{E4B00753-B825-48D5-BF5D-D63D4FB7F1F8}"
EndProject
Global
	GlobalSection(SolutionConfigurationPlatforms) = preSolution
		Debug|Any CPU = Debug|Any CPU
		Release|Any CPU = Release|Any CPU
	EndGlobalSection
	GlobalSection(ProjectConfigurationPlatforms) = postSolution
		{E4B00753-B825-48D5-BF5D-D63D4FB7F1F8}.Debug|Any CPU.ActiveCfg = Debug|Any CPU
		{E4B00753-B825-48D5-BF5D-D63D4FB7F1F8}.Debug|Any CPU.Build.0 = Debug|Any CPU
		{E4B00753-B825-48D5-BF5D-D63D4FB7F1F8}.Release|Any CPU.ActiveCfg = Release|Any CPU
		{E4B00753-B825-48D5-BF5D-D63D4FB7F1F8}.Release|Any CPU.Build.0 = Release|Any CPU
	EndGlobalSection
	GlobalSection(SolutionProperties) = preSolution
		HideSolutionNode = FALSE
	EndGlobalSection
	GlobalSection(ExtensibilityGlobals) = postSolution
		SolutionGuid = {09114BF2-01E5-4981-9164-2E43D1259F1F}
	EndGlobalSection
EndGlobal
